
Microsoft Visual Studio Solution File, Format Version 12.00
# Visual Studio Version 17
VisualStudioVersion = 17.1.32319.34
MinimumVisualStudioVersion = 10.0.40219.1
Project("{9A19103F-16F7-4668-BE54-9A1E7A4F7556}") = "Web", "API\Web.csproj", "{4368B67A-6573-4360-BD00-128753E00A67}"
EndProject
Project("{9A19103F-16F7-4668-BE54-9A1E7A4F7556}") = "Domain", "Domain\Domain.csproj", "{3AEF3EA3-6784-45A2-AE49-683659E5AB60}"
EndProject
Project("{9A19103F-16F7-4668-BE54-9A1E7A4F7556}") = "Service", "Service\Service.csproj", "{35069A2C-E64F-498A-90CF-AA44E6D9E4D8}"
EndProject
Project("{FAE04EC0-301F-11D3-BF4B-00C04F79EFBC}") = "Tests", "Tests\Tests.csproj", "{11C01D56-FD7F-4306-B5C6-9A3ECFB82184}"
EndProject
Global
	GlobalSection(SolutionConfigurationPlatforms) = preSolution
		Debug|Any CPU = Debug|Any CPU
		Release|Any CPU = Release|Any CPU
	EndGlobalSection
	GlobalSection(ProjectConfigurationPlatforms) = postSolution
		{4368B67A-6573-4360-BD00-128753E00A67}.Debug|Any CPU.ActiveCfg = Debug|Any CPU
		{4368B67A-6573-4360-BD00-128753E00A67}.Debug|Any CPU.Build.0 = Debug|Any CPU
		{4368B67A-6573-4360-BD00-128753E00A67}.Release|Any CPU.ActiveCfg = Release|Any CPU
		{4368B67A-6573-4360-BD00-128753E00A67}.Release|Any CPU.Build.0 = Release|Any CPU
		{3AEF3EA3-6784-45A2-AE49-683659E5AB60}.Debug|Any CPU.ActiveCfg = Debug|Any CPU
		{3AEF3EA3-6784-45A2-AE49-683659E5AB60}.Debug|Any CPU.Build.0 = Debug|Any CPU
		{3AEF3EA3-6784-45A2-AE49-683659E5AB60}.Release|Any CPU.ActiveCfg = Release|Any CPU
		{3AEF3EA3-6784-45A2-AE49-683659E5AB60}.Release|Any CPU.Build.0 = Release|Any CPU
		{35069A2C-E64F-498A-90CF-AA44E6D9E4D8}.Debug|Any CPU.ActiveCfg = Debug|Any CPU
		{35069A2C-E64F-498A-90CF-AA44E6D9E4D8}.Debug|Any CPU.Build.0 = Debug|Any CPU
		{35069A2C-E64F-498A-90CF-AA44E6D9E4D8}.Release|Any CPU.ActiveCfg = Release|Any CPU
		{35069A2C-E64F-498A-90CF-AA44E6D9E4D8}.Release|Any CPU.Build.0 = Release|Any CPU
		{11C01D56-FD7F-4306-B5C6-9A3ECFB82184}.Debug|Any CPU.ActiveCfg = Debug|Any CPU
		{11C01D56-FD7F-4306-B5C6-9A3ECFB82184}.Debug|Any CPU.Build.0 = Debug|Any CPU
		{11C01D56-FD7F-4306-B5C6-9A3ECFB82184}.Release|Any CPU.ActiveCfg = Release|Any CPU
		{11C01D56-FD7F-4306-B5C6-9A3ECFB82184}.Release|Any CPU.Build.0 = Release|Any CPU
	EndGlobalSection
	GlobalSection(SolutionProperties) = preSolution
		HideSolutionNode = FALSE
	EndGlobalSection
	GlobalSection(ExtensibilityGlobals) = postSolution
		SolutionGuid = {086F22AB-818F-49FC-9A6C-EE9CD3A12C19}
	EndGlobalSection
EndGlobal
